
Microsoft Visual Studio Solution File, Format Version 12.00
# Visual Studio Version 17
VisualStudioVersion = 17.7.34031.279
MinimumVisualStudioVersion = 10.0.40219.1
Project("{FAE04EC0-301F-11D3-BF4B-00C04F79EFBC}") = "WbotMgr", "WbotMgr.csproj", "{915273DD-50BF-41D5-95A4-0C9737B07F18}"
EndProject
Global
	GlobalSection(SolutionConfigurationPlatforms) = preSolution
		Debug|Any CPU = Debug|Any CPU
		Release|Any CPU = Release|Any CPU
	EndGlobalSection
	GlobalSection(ProjectConfigurationPlatforms) = postSolution
		{915273DD-50BF-41D5-95A4-0C9737B07F18}.Debug|Any CPU.ActiveCfg = Debug|Any CPU
		{915273DD-50BF-41D5-95A4-0C9737B07F18}.Debug|Any CPU.Build.0 = Debug|Any CPU
		{915273DD-50BF-41D5-95A4-0C9737B07F18}.Release|Any CPU.ActiveCfg = Release|Any CPU
		{915273DD-50BF-41D5-95A4-0C9737B07F18}.Release|Any CPU.Build.0 = Release|Any CPU
	EndGlobalSection
	GlobalSection(SolutionProperties) = preSolution
		HideSolutionNode = FALSE
	EndGlobalSection
	GlobalSection(ExtensibilityGlobals) = postSolution
		SolutionGuid = {24769D5E-05B3-4D85-A614-88F99921EDBC}
	EndGlobalSection
EndGlobal
